# This file is automatically @generated by Cargo.
# It is not intended for manual editing.
version = 3

[[package]]
name = "aoc22"
version = "0.1.0"
dependencies = [
 "bitmask",
 "itertools 0.11.0",
]

[[package]]
name = "bitmask"
version = "0.5.0"
source = "registry+https://github.com/rust-lang/crates.io-index"
checksum = "5da9b3d9f6f585199287a473f4f8dfab6566cf827d15c00c219f53c645687ead"

[[package]]
name = "either"
version = "1.13.0"
source = "registry+https://github.com/rust-lang/crates.io-index"
checksum = "60b1af1c220855b6ceac025d3f6ecdd2b7c4894bfe9cd9bda4fbb4bc7c0d4cf0"

[[package]]
name = "itertools"
version = "0.11.0"
source = "registry+https://github.com/rust-lang/crates.io-index"
checksum = "b1c173a5686ce8bfa551b3563d0c2170bf24ca44da99c7ca4bfdab5418c3fe57"
dependencies = [
 "either",
]

[[package]]
name = "itertools"
version = "0.12.1"
source = "registry+https://github.com/rust-lang/crates.io-index"
checksum = "ba291022dbbd398a455acf126c1e341954079855bc60dfdda641363bd6922569"
dependencies = [
 "either",
]

[[package]]
name = "y23"
version = "0.1.0"
dependencies = [
 "itertools 0.12.1",
]

[[package]]
name = "y24"
version = "0.1.0"
dependencies = [
 "itertools 0.12.1",
]
